
Microsoft Visual Studio Solution File, Format Version 12.00
# Visual Studio 15
VisualStudioVersion = 15.0.27130.2010
MinimumVisualStudioVersion = 10.0.40219.1
Project("{FAE04EC0-301F-11D3-BF4B-00C04F79EFBC}") = "PS8", "PS8\PS8.csproj", "{4F5FF872-221E-4534-91FC-3AFCD1F27FAE}"
EndProject
Global
	GlobalSection(SolutionConfigurationPlatforms) = preSolution
		Debug|Any CPU = Debug|Any CPU
		Release|Any CPU = Release|Any CPU
	EndGlobalSection
	GlobalSection(ProjectConfigurationPlatforms) = postSolution
		{4F5FF872-221E-4534-91FC-3AFCD1F27FAE}.Debug|Any CPU.ActiveCfg = Debug|Any CPU
		{4F5FF872-221E-4534-91FC-3AFCD1F27FAE}.Debug|Any CPU.Build.0 = Debug|Any CPU
		{4F5FF872-221E-4534-91FC-3AFCD1F27FAE}.Release|Any CPU.ActiveCfg = Release|Any CPU
		{4F5FF872-221E-4534-91FC-3AFCD1F27FAE}.Release|Any CPU.Build.0 = Release|Any CPU
	EndGlobalSection
	GlobalSection(SolutionProperties) = preSolution
		HideSolutionNode = FALSE
	EndGlobalSection
	GlobalSection(ExtensibilityGlobals) = postSolution
		SolutionGuid = {E53F0C37-5108-451E-933C-89C4621E2C9F}
	EndGlobalSection
EndGlobal
